
Microsoft Visual Studio Solution File, Format Version 12.00
# Visual Studio 15
VisualStudioVersion = 15.0.27004.2006
MinimumVisualStudioVersion = 10.0.40219.1
Project("{FAE04EC0-301F-11D3-BF4B-00C04F79EFBC}") = "ModelBinding", "ModelBinding\ModelBinding.csproj", "{30C383DF-4505-4739-B490-5128921949ED}"
EndProject
Global
	GlobalSection(SolutionConfigurationPlatforms) = preSolution
		Debug|Any CPU = Debug|Any CPU
		Release|Any CPU = Release|Any CPU
	EndGlobalSection
	GlobalSection(ProjectConfigurationPlatforms) = postSolution
		{30C383DF-4505-4739-B490-5128921949ED}.Debug|Any CPU.ActiveCfg = Debug|Any CPU
		{30C383DF-4505-4739-B490-5128921949ED}.Debug|Any CPU.Build.0 = Debug|Any CPU
		{30C383DF-4505-4739-B490-5128921949ED}.Release|Any CPU.ActiveCfg = Release|Any CPU
		{30C383DF-4505-4739-B490-5128921949ED}.Release|Any CPU.Build.0 = Release|Any CPU
	EndGlobalSection
	GlobalSection(SolutionProperties) = preSolution
		HideSolutionNode = FALSE
	EndGlobalSection
	GlobalSection(ExtensibilityGlobals) = postSolution
		SolutionGuid = {823E45CC-7D0D-43C4-B961-F3B37C21FC44}
	EndGlobalSection
EndGlobal
